
Microsoft Visual Studio Solution File, Format Version 12.00
# Visual Studio Version 16
VisualStudioVersion = 16.0.30611.23
MinimumVisualStudioVersion = 10.0.40219.1
Project("{FAE04EC0-301F-11D3-BF4B-00C04F79EFBC}") = "FileManipulator", "FileManipulator\FileManipulator.csproj", "{60437D39-7102-41D0-A21F-FB62CDAD27B4}"
EndProject
Project("{FAE04EC0-301F-11D3-BF4B-00C04F79EFBC}") = "CwiczeniaReferencyjne", "CwiczeniaReferencyjne\CwiczeniaReferencyjne.csproj", "{7DFD3D60-0A3F-4FFA-8CF6-7D749DC266F4}"
EndProject
Global
	GlobalSection(SolutionConfigurationPlatforms) = preSolution
		Debug|Any CPU = Debug|Any CPU
		Release|Any CPU = Release|Any CPU
	EndGlobalSection
	GlobalSection(ProjectConfigurationPlatforms) = postSolution
		{60437D39-7102-41D0-A21F-FB62CDAD27B4}.Debug|Any CPU.ActiveCfg = Debug|Any CPU
		{60437D39-7102-41D0-A21F-FB62CDAD27B4}.Debug|Any CPU.Build.0 = Debug|Any CPU
		{60437D39-7102-41D0-A21F-FB62CDAD27B4}.Release|Any CPU.ActiveCfg = Release|Any CPU
		{60437D39-7102-41D0-A21F-FB62CDAD27B4}.Release|Any CPU.Build.0 = Release|Any CPU
		{7DFD3D60-0A3F-4FFA-8CF6-7D749DC266F4}.Debug|Any CPU.ActiveCfg = Debug|Any CPU
		{7DFD3D60-0A3F-4FFA-8CF6-7D749DC266F4}.Debug|Any CPU.Build.0 = Debug|Any CPU
		{7DFD3D60-0A3F-4FFA-8CF6-7D749DC266F4}.Release|Any CPU.ActiveCfg = Release|Any CPU
		{7DFD3D60-0A3F-4FFA-8CF6-7D749DC266F4}.Release|Any CPU.Build.0 = Release|Any CPU
	EndGlobalSection
	GlobalSection(SolutionProperties) = preSolution
		HideSolutionNode = FALSE
	EndGlobalSection
	GlobalSection(ExtensibilityGlobals) = postSolution
		SolutionGuid = {85F174E8-F2B6-4EE0-A41B-F759DF40AD95}
	EndGlobalSection
EndGlobal
